
Microsoft Visual Studio Solution File, Format Version 12.00
# Visual Studio Version 17
VisualStudioVersion = 17.9.34714.143
MinimumVisualStudioVersion = 10.0.40219.1
Project("{9A19103F-16F7-4668-BE54-9A1E7A4F7556}") = "LibraryApp", "LibraryApp\LibraryApp.csproj", "{1CAEB488-F2E6-4975-9944-FD46D79A92BE}"
EndProject
Project("{9A19103F-16F7-4668-BE54-9A1E7A4F7556}") = "LibraryApp.Shared", "LibraryShared\LibraryApp.Shared.csproj", "{254C74B4-A695-4CF4-9EE3-92FDB203F52F}"
EndProject
Project("{9A19103F-16F7-4668-BE54-9A1E7A4F7556}") = "LibraryApp.UI", "LibraryApp.UI\LibraryApp.UI.csproj", "{277C495A-B8AA-4ADE-97DF-2C56EB3EAA37}"
EndProject
Global
	GlobalSection(SolutionConfigurationPlatforms) = preSolution
		Debug|Any CPU = Debug|Any CPU
		Release|Any CPU = Release|Any CPU
	EndGlobalSection
	GlobalSection(ProjectConfigurationPlatforms) = postSolution
		{1CAEB488-F2E6-4975-9944-FD46D79A92BE}.Debug|Any CPU.ActiveCfg = Debug|Any CPU
		{1CAEB488-F2E6-4975-9944-FD46D79A92BE}.Debug|Any CPU.Build.0 = Debug|Any CPU
		{1CAEB488-F2E6-4975-9944-FD46D79A92BE}.Release|Any CPU.ActiveCfg = Release|Any CPU
		{1CAEB488-F2E6-4975-9944-FD46D79A92BE}.Release|Any CPU.Build.0 = Release|Any CPU
		{254C74B4-A695-4CF4-9EE3-92FDB203F52F}.Debug|Any CPU.ActiveCfg = Debug|Any CPU
		{254C74B4-A695-4CF4-9EE3-92FDB203F52F}.Debug|Any CPU.Build.0 = Debug|Any CPU
		{254C74B4-A695-4CF4-9EE3-92FDB203F52F}.Release|Any CPU.ActiveCfg = Release|Any CPU
		{254C74B4-A695-4CF4-9EE3-92FDB203F52F}.Release|Any CPU.Build.0 = Release|Any CPU
		{277C495A-B8AA-4ADE-97DF-2C56EB3EAA37}.Debug|Any CPU.ActiveCfg = Debug|Any CPU
		{277C495A-B8AA-4ADE-97DF-2C56EB3EAA37}.Debug|Any CPU.Build.0 = Debug|Any CPU
		{277C495A-B8AA-4ADE-97DF-2C56EB3EAA37}.Release|Any CPU.ActiveCfg = Release|Any CPU
		{277C495A-B8AA-4ADE-97DF-2C56EB3EAA37}.Release|Any CPU.Build.0 = Release|Any CPU
	EndGlobalSection
	GlobalSection(SolutionProperties) = preSolution
		HideSolutionNode = FALSE
	EndGlobalSection
	GlobalSection(ExtensibilityGlobals) = postSolution
		SolutionGuid = {ABF3B15B-3B28-4796-B62E-4F101F4AD6AC}
	EndGlobalSection
EndGlobal
